
Microsoft Visual Studio Solution File, Format Version 12.00
# Visual Studio 15
Project("{FAE04EC0-301F-11D3-BF4B-00C04F79EFBC}") = "Assembly-CSharp-firstpass", "Assembly-CSharp-firstpass.csproj", "{E6101731-C1A5-C6FC-B214-2E514272ACC1}"
EndProject
Project("{FAE04EC0-301F-11D3-BF4B-00C04F79EFBC}") = "Assembly-CSharp", "Assembly-CSharp.csproj", "{637371A4-FB37-1036-6F8D-6EAF32E80513}"
EndProject
Project("{FAE04EC0-301F-11D3-BF4B-00C04F79EFBC}") = "Assembly-CSharp-Editor-firstpass", "Assembly-CSharp-Editor-firstpass.csproj", "{7862B85B-FDA5-FBC3-1E45-840776025FBB}"
EndProject
Project("{FAE04EC0-301F-11D3-BF4B-00C04F79EFBC}") = "Assembly-CSharp-Editor", "Assembly-CSharp-Editor.csproj", "{4CFB06B0-70CD-C5D1-25C6-ADE3AC1C24C4}"
EndProject
Global
	GlobalSection(SolutionConfigurationPlatforms) = preSolution
		Debug|Any CPU = Debug|Any CPU
		Release|Any CPU = Release|Any CPU
	EndGlobalSection
	GlobalSection(ProjectConfigurationPlatforms) = postSolution
		{E6101731-C1A5-C6FC-B214-2E514272ACC1}.Debug|Any CPU.ActiveCfg = Debug|Any CPU
		{E6101731-C1A5-C6FC-B214-2E514272ACC1}.Debug|Any CPU.Build.0 = Debug|Any CPU
		{E6101731-C1A5-C6FC-B214-2E514272ACC1}.Release|Any CPU.ActiveCfg = Release|Any CPU
		{E6101731-C1A5-C6FC-B214-2E514272ACC1}.Release|Any CPU.Build.0 = Release|Any CPU
		{637371A4-FB37-1036-6F8D-6EAF32E80513}.Debug|Any CPU.ActiveCfg = Debug|Any CPU
		{637371A4-FB37-1036-6F8D-6EAF32E80513}.Debug|Any CPU.Build.0 = Debug|Any CPU
		{637371A4-FB37-1036-6F8D-6EAF32E80513}.Release|Any CPU.ActiveCfg = Release|Any CPU
		{637371A4-FB37-1036-6F8D-6EAF32E80513}.Release|Any CPU.Build.0 = Release|Any CPU
		{7862B85B-FDA5-FBC3-1E45-840776025FBB}.Debug|Any CPU.ActiveCfg = Debug|Any CPU
		{7862B85B-FDA5-FBC3-1E45-840776025FBB}.Debug|Any CPU.Build.0 = Debug|Any CPU
		{7862B85B-FDA5-FBC3-1E45-840776025FBB}.Release|Any CPU.ActiveCfg = Release|Any CPU
		{7862B85B-FDA5-FBC3-1E45-840776025FBB}.Release|Any CPU.Build.0 = Release|Any CPU
		{4CFB06B0-70CD-C5D1-25C6-ADE3AC1C24C4}.Debug|Any CPU.ActiveCfg = Debug|Any CPU
		{4CFB06B0-70CD-C5D1-25C6-ADE3AC1C24C4}.Debug|Any CPU.Build.0 = Debug|Any CPU
		{4CFB06B0-70CD-C5D1-25C6-ADE3AC1C24C4}.Release|Any CPU.ActiveCfg = Release|Any CPU
		{4CFB06B0-70CD-C5D1-25C6-ADE3AC1C24C4}.Release|Any CPU.Build.0 = Release|Any CPU
	EndGlobalSection
	GlobalSection(SolutionProperties) = preSolution
		HideSolutionNode = FALSE
	EndGlobalSection
	GlobalSection(MonoDevelopProperties) = preSolution
		StartupItem = Assembly-CSharp.csproj
	EndGlobalSection
EndGlobal
